
Microsoft Visual Studio Solution File, Format Version 12.00
# Visual Studio Version 16
VisualStudioVersion = 16.0.31205.134
MinimumVisualStudioVersion = 10.0.40219.1
Project("{FAE04EC0-301F-11D3-BF4B-00C04F79EFBC}") = "PowerPlus", "PowerPlus\PowerPlus.csproj", "{84421EA9-2192-4DB5-A9FC-C0AC1E3BD69B}"
EndProject
Global
	GlobalSection(SolutionConfigurationPlatforms) = preSolution
		Debug|Any CPU = Debug|Any CPU
		Release|Any CPU = Release|Any CPU
	EndGlobalSection
	GlobalSection(ProjectConfigurationPlatforms) = postSolution
		{84421EA9-2192-4DB5-A9FC-C0AC1E3BD69B}.Debug|Any CPU.ActiveCfg = Debug|Any CPU
		{84421EA9-2192-4DB5-A9FC-C0AC1E3BD69B}.Debug|Any CPU.Build.0 = Debug|Any CPU
		{84421EA9-2192-4DB5-A9FC-C0AC1E3BD69B}.Release|Any CPU.ActiveCfg = Release|Any CPU
		{84421EA9-2192-4DB5-A9FC-C0AC1E3BD69B}.Release|Any CPU.Build.0 = Release|Any CPU
	EndGlobalSection
	GlobalSection(SolutionProperties) = preSolution
		HideSolutionNode = FALSE
	EndGlobalSection
	GlobalSection(ExtensibilityGlobals) = postSolution
		SolutionGuid = {CAA9432B-15D9-40DA-A059-95B07B4E44CD}
	EndGlobalSection
EndGlobal
